
Microsoft Visual Studio Solution File, Format Version 12.00
# Visual Studio Version 17
VisualStudioVersion = 17.9.34728.123
MinimumVisualStudioVersion = 10.0.40219.1
Project("{FAE04EC0-301F-11D3-BF4B-00C04F79EFBC}") = "RealEstateApp", "RealEstateApp.csproj", "{AD66418F-AB44-42CC-A44F-B3948C00009E}"
EndProject
Global
	GlobalSection(SolutionConfigurationPlatforms) = preSolution
		Debug|Any CPU = Debug|Any CPU
		Release|Any CPU = Release|Any CPU
	EndGlobalSection
	GlobalSection(ProjectConfigurationPlatforms) = postSolution
		{AD66418F-AB44-42CC-A44F-B3948C00009E}.Debug|Any CPU.ActiveCfg = Debug|Any CPU
		{AD66418F-AB44-42CC-A44F-B3948C00009E}.Debug|Any CPU.Build.0 = Debug|Any CPU
		{AD66418F-AB44-42CC-A44F-B3948C00009E}.Debug|Any CPU.Deploy.0 = Debug|Any CPU
		{AD66418F-AB44-42CC-A44F-B3948C00009E}.Release|Any CPU.ActiveCfg = Release|Any CPU
		{AD66418F-AB44-42CC-A44F-B3948C00009E}.Release|Any CPU.Build.0 = Release|Any CPU
		{AD66418F-AB44-42CC-A44F-B3948C00009E}.Release|Any CPU.Deploy.0 = Release|Any CPU
	EndGlobalSection
	GlobalSection(SolutionProperties) = preSolution
		HideSolutionNode = FALSE
	EndGlobalSection
	GlobalSection(ExtensibilityGlobals) = postSolution
		SolutionGuid = {C5424E79-71AF-4371-B37B-A07F06788BAB}
	EndGlobalSection
EndGlobal
